
Microsoft Visual Studio Solution File, Format Version 12.00
# Visual Studio Version 16
VisualStudioVersion = 16.0.31005.135
MinimumVisualStudioVersion = 10.0.40219.1
Project("{FAE04EC0-301F-11D3-BF4B-00C04F79EFBC}") = "SchoolManagementWeb", "SchoolManagementWeb\SchoolManagementWeb.csproj", "{855B6624-F20B-4D48-83B7-C06608795C7F}"
EndProject
Global
	GlobalSection(SolutionConfigurationPlatforms) = preSolution
		Debug|Any CPU = Debug|Any CPU
		Release|Any CPU = Release|Any CPU
	EndGlobalSection
	GlobalSection(ProjectConfigurationPlatforms) = postSolution
		{855B6624-F20B-4D48-83B7-C06608795C7F}.Debug|Any CPU.ActiveCfg = Debug|Any CPU
		{855B6624-F20B-4D48-83B7-C06608795C7F}.Debug|Any CPU.Build.0 = Debug|Any CPU
		{855B6624-F20B-4D48-83B7-C06608795C7F}.Release|Any CPU.ActiveCfg = Release|Any CPU
		{855B6624-F20B-4D48-83B7-C06608795C7F}.Release|Any CPU.Build.0 = Release|Any CPU
	EndGlobalSection
	GlobalSection(SolutionProperties) = preSolution
		HideSolutionNode = FALSE
	EndGlobalSection
	GlobalSection(ExtensibilityGlobals) = postSolution
		SolutionGuid = {F20B6D37-9F7E-41C6-A6D0-2EF88FD33715}
	EndGlobalSection
EndGlobal
